// !$*UTF8*$!
{
	archiveVersion = 1;
	classes = {
	};
	objectVersion = 56;
	objects = {

/* Begin PBXBuildFile section */
		0B16A568E2F6F42E87CF800A /* Pods_PersonalExpenseTracker.framework in Frameworks */ = {isa = PBXBuildFile; fileRef = 79C9DC160779C062CB91FD50 /* Pods_PersonalExpenseTracker.framework */; };
		FE070BF52C34002B001CBD96 /* Credentials.swift in Sources */ = {isa = PBXBuildFile; fileRef = FE070BF42C34002B001CBD96 /* Credentials.swift */; };
		FE070BF72C340EDE001CBD96 /* SignInViewModel.swift in Sources */ = {isa = PBXBuildFile; fileRef = FE070BF62C340EDE001CBD96 /* SignInViewModel.swift */; };
		FE070BF92C340EFA001CBD96 /* SignInViewController.swift in Sources */ = {isa = PBXBuildFile; fileRef = FE070BF82C340EFA001CBD96 /* SignInViewController.swift */; };
		FE070BFB2C343160001CBD96 /* MyUserDefaults.swift in Sources */ = {isa = PBXBuildFile; fileRef = FE070BFA2C343160001CBD96 /* MyUserDefaults.swift */; };
		FE070BFE2C343B76001CBD96 /* HomeViewController.swift in Sources */ = {isa = PBXBuildFile; fileRef = FE070BFD2C343B76001CBD96 /* HomeViewController.swift */; };
		FE1682952C36CB7E00E4B3E0 /* MyColours.xcassets in Resources */ = {isa = PBXBuildFile; fileRef = FE1682942C36CB7E00E4B3E0 /* MyColours.xcassets */; };
		FE1682992C36D7A900E4B3E0 /* Category.swift in Sources */ = {isa = PBXBuildFile; fileRef = FE1682982C36D7A900E4B3E0 /* Category.swift */; };
		FE2656842C429AD50000430C /* AddCategoryViewController.swift in Sources */ = {isa = PBXBuildFile; fileRef = FE2656832C429AD50000430C /* AddCategoryViewController.swift */; };
		FE2656862C429AE90000430C /* AddCategoryViewModel.swift in Sources */ = {isa = PBXBuildFile; fileRef = FE2656852C429AE90000430C /* AddCategoryViewModel.swift */; };
		FE26568A2C429EB60000430C /* AddCategoryVC+ColorCollectionView.swift in Sources */ = {isa = PBXBuildFile; fileRef = FE2656892C429EB60000430C /* AddCategoryVC+ColorCollectionView.swift */; };
		FE26568C2C429EDD0000430C /* AddCategoryVC+IconCollectionView.swift in Sources */ = {isa = PBXBuildFile; fileRef = FE26568B2C429EDD0000430C /* AddCategoryVC+IconCollectionView.swift */; };
		FE2AA0512C4CE96100303D04 /* NetworkService.swift in Sources */ = {isa = PBXBuildFile; fileRef = FE2AA0502C4CE96100303D04 /* NetworkService.swift */; };
		FE2AA0532C4CEF0300303D04 /* CurrencyRates.swift in Sources */ = {isa = PBXBuildFile; fileRef = FE2AA0522C4CEF0300303D04 /* CurrencyRates.swift */; };
		FE2AA0552C4CEF2700303D04 /* NetworkManager.swift in Sources */ = {isa = PBXBuildFile; fileRef = FE2AA0542C4CEF2700303D04 /* NetworkManager.swift */; };
		FE2AA0582C4CF05400303D04 /* Currency+View.swift in Sources */ = {isa = PBXBuildFile; fileRef = FE2AA0572C4CF05400303D04 /* Currency+View.swift */; };
		FE2AA05A2C4CF07600303D04 /* CurrencyViewModel.swift in Sources */ = {isa = PBXBuildFile; fileRef = FE2AA0592C4CF07600303D04 /* CurrencyViewModel.swift */; };
		FE2AA05C2C4D1C8B00303D04 /* CurrencyCell.swift in Sources */ = {isa = PBXBuildFile; fileRef = FE2AA05B2C4D1C8B00303D04 /* CurrencyCell.swift */; };
		FE3499292C491A0900E8A69F /* AppDataSource.swift in Sources */ = {isa = PBXBuildFile; fileRef = FE3499282C491A0900E8A69F /* AppDataSource.swift */; };
		FE3F057A2C30423E005D1BD6 /* AppDelegate.swift in Sources */ = {isa = PBXBuildFile; fileRef = FE3F05792C30423E005D1BD6 /* AppDelegate.swift */; };
		FE3F057C2C30423E005D1BD6 /* SceneDelegate.swift in Sources */ = {isa = PBXBuildFile; fileRef = FE3F057B2C30423E005D1BD6 /* SceneDelegate.swift */; };
		FE3F057E2C30423E005D1BD6 /* SignUpViewController.swift in Sources */ = {isa = PBXBuildFile; fileRef = FE3F057D2C30423E005D1BD6 /* SignUpViewController.swift */; };
		FE3F05842C30423E005D1BD6 /* PersonalExpenseTracker.xcdatamodeld in Sources */ = {isa = PBXBuildFile; fileRef = FE3F05822C30423E005D1BD6 /* PersonalExpenseTracker.xcdatamodeld */; };
		FE3F05862C30423F005D1BD6 /* Assets.xcassets in Resources */ = {isa = PBXBuildFile; fileRef = FE3F05852C30423F005D1BD6 /* Assets.xcassets */; };
		FE3F05892C30423F005D1BD6 /* Base in Resources */ = {isa = PBXBuildFile; fileRef = FE3F05882C30423F005D1BD6 /* Base */; };
		FE3F05912C3045B7005D1BD6 /* GoogleService-Info.plist in Resources */ = {isa = PBXBuildFile; fileRef = FE3F05902C3045B7005D1BD6 /* GoogleService-Info.plist */; };
		FE634AF32C3D0D57001A052B /* CategoryGroupTableViewCell.swift in Sources */ = {isa = PBXBuildFile; fileRef = FE634AF22C3D0D57001A052B /* CategoryGroupTableViewCell.swift */; };
		FE634AF52C3D0DB1001A052B /* Transaction.swift in Sources */ = {isa = PBXBuildFile; fileRef = FE634AF42C3D0DB1001A052B /* Transaction.swift */; };
		FE634AF92C3D1BAE001A052B /* CategoryTransactionHistoryViewController.swift in Sources */ = {isa = PBXBuildFile; fileRef = FE634AF82C3D1BAE001A052B /* CategoryTransactionHistoryViewController.swift */; };
		FE634AFD2C3D3C22001A052B /* CategoryTransactionViewCell.swift in Sources */ = {isa = PBXBuildFile; fileRef = FE634AFC2C3D3C22001A052B /* CategoryTransactionViewCell.swift */; };
		FE634B002C3D4D97001A052B /* TransactionDetailViewController.swift in Sources */ = {isa = PBXBuildFile; fileRef = FE634AFF2C3D4D97001A052B /* TransactionDetailViewController.swift */; };
		FE7D801C2C4165BC00CFD76D /* CategoryTransactionHistoryViewModel.swift in Sources */ = {isa = PBXBuildFile; fileRef = FE7D801B2C4165BC00CFD76D /* CategoryTransactionHistoryViewModel.swift */; };
		FE93CA462C3521D400FA5108 /* ExpensesViewController.swift in Sources */ = {isa = PBXBuildFile; fileRef = FE93CA452C3521D400FA5108 /* ExpensesViewController.swift */; };
		FE93CA482C3521F100FA5108 /* IncomeViewController.swift in Sources */ = {isa = PBXBuildFile; fileRef = FE93CA472C3521F100FA5108 /* IncomeViewController.swift */; };
		FE93CA4A2C35220500FA5108 /* ExpensesViewModel.swift in Sources */ = {isa = PBXBuildFile; fileRef = FE93CA492C35220500FA5108 /* ExpensesViewModel.swift */; };
		FE93CA4C2C35221000FA5108 /* IncomeViewModel.swift in Sources */ = {isa = PBXBuildFile; fileRef = FE93CA4B2C35221000FA5108 /* IncomeViewModel.swift */; };
		FE93CA512C35372700FA5108 /* HomeViewModel.swift in Sources */ = {isa = PBXBuildFile; fileRef = FE93CA502C35372700FA5108 /* HomeViewModel.swift */; };
		FE93CA542C3563CF00FA5108 /* DoughnutChartCell.swift in Sources */ = {isa = PBXBuildFile; fileRef = FE93CA532C3563CF00FA5108 /* DoughnutChartCell.swift */; };
		FE93CA562C35675000FA5108 /* CategoryGroupTableView.swift in Sources */ = {isa = PBXBuildFile; fileRef = FE93CA552C35675000FA5108 /* CategoryGroupTableView.swift */; };
		FE93CA592C357A5D00FA5108 /* AddTransactionViewController.swift in Sources */ = {isa = PBXBuildFile; fileRef = FE93CA582C357A5D00FA5108 /* AddTransactionViewController.swift */; };
		FE962C8C2C47A6E900A441CB /* DataRepository.swift in Sources */ = {isa = PBXBuildFile; fileRef = FE962C8B2C47A6E900A441CB /* DataRepository.swift */; };
		FEAA0E9E2C31688E0071CCC1 /* SignUpViewModel.swift in Sources */ = {isa = PBXBuildFile; fileRef = FEAA0E9D2C31688E0071CCC1 /* SignUpViewModel.swift */; };
		FEAA0EA32C316DFA0071CCC1 /* view_utils.swift in Sources */ = {isa = PBXBuildFile; fileRef = FEAA0EA22C316DFA0071CCC1 /* view_utils.swift */; };
		FEAA0EA82C319AC30071CCC1 /* AuthService.swift in Sources */ = {isa = PBXBuildFile; fileRef = FEAA0EA72C319AC30071CCC1 /* AuthService.swift */; };
		FECF38892C3BFCD9004F1998 /* CategoryCollectionViewCell.swift in Sources */ = {isa = PBXBuildFile; fileRef = FECF38882C3BFCD9004F1998 /* CategoryCollectionViewCell.swift */; };
		FECF388B2C3BFEAE004F1998 /* AddTransactionViewController+CollectionView.swift in Sources */ = {isa = PBXBuildFile; fileRef = FECF388A2C3BFEAE004F1998 /* AddTransactionViewController+CollectionView.swift */; };
		FECF388D2C3BFF48004F1998 /* AddTransactionViewController+DatePicker.swift in Sources */ = {isa = PBXBuildFile; fileRef = FECF388C2C3BFF48004F1998 /* AddTransactionViewController+DatePicker.swift */; };
		FECF388F2C3C00D3004F1998 /* AddTransactionViewController+Buttons.swift in Sources */ = {isa = PBXBuildFile; fileRef = FECF388E2C3C00D3004F1998 /* AddTransactionViewController+Buttons.swift */; };
		FECF38922C3C1E14004F1998 /* AddTransactionViewModel.swift in Sources */ = {isa = PBXBuildFile; fileRef = FECF38912C3C1E14004F1998 /* AddTransactionViewModel.swift */; };
		FECF38942C3C224A004F1998 /* UITextField+Extension.swift in Sources */ = {isa = PBXBuildFile; fileRef = FECF38932C3C224A004F1998 /* UITextField+Extension.swift */; };
		FECF38962C3C261A004F1998 /* AddTransitionViewController+TextField.swift in Sources */ = {isa = PBXBuildFile; fileRef = FECF38952C3C261A004F1998 /* AddTransitionViewController+TextField.swift */; };
		FED057C62C47928500570946 /* CodableColor.swift in Sources */ = {isa = PBXBuildFile; fileRef = FED057C52C47928500570946 /* CodableColor.swift */; };
		FED057C82C4795AD00570946 /* ImageWrapper.swift in Sources */ = {isa = PBXBuildFile; fileRef = FED057C72C4795AD00570946 /* ImageWrapper.swift */; };
		FED878822C3FB12D006668BC /* CoreData+Publisher.swift in Sources */ = {isa = PBXBuildFile; fileRef = FED878812C3FB12D006668BC /* CoreData+Publisher.swift */; };
		FEDE2D642C3D6F830086E150 /* CoreDataManager.swift in Sources */ = {isa = PBXBuildFile; fileRef = FEDE2D632C3D6F830086E150 /* CoreDataManager.swift */; };
		FEDE2D682C3D71630086E150 /* CoreData+Category.swift in Sources */ = {isa = PBXBuildFile; fileRef = FEDE2D672C3D71630086E150 /* CoreData+Category.swift */; };
		FEEC657D2C4695E9004D9487 /* FIreStoreManager.swift in Sources */ = {isa = PBXBuildFile; fileRef = FEEC657C2C4695E9004D9487 /* FIreStoreManager.swift */; };
		FEF95D522C3E5790008E148E /* CoreData+Transaction.swift in Sources */ = {isa = PBXBuildFile; fileRef = FEF95D512C3E5790008E148E /* CoreData+Transaction.swift */; };
		FEF95D542C3EB662008E148E /* CategoryGroup.swift in Sources */ = {isa = PBXBuildFile; fileRef = FEF95D532C3EB662008E148E /* CategoryGroup.swift */; };
		FEFB4BB32C44DD5F00FCEAFD /* IconCollectionViewCell.swift in Sources */ = {isa = PBXBuildFile; fileRef = FEFB4BB22C44DD5F00FCEAFD /* IconCollectionViewCell.swift */; };
		FEFB4BB52C44E10900FCEAFD /* ColorCollectionCell.swift in Sources */ = {isa = PBXBuildFile; fileRef = FEFB4BB42C44E10900FCEAFD /* ColorCollectionCell.swift */; };
		FEFB4BB72C452DBA00FCEAFD /* TransactionDetailViewModel.swift in Sources */ = {isa = PBXBuildFile; fileRef = FEFB4BB62C452DBA00FCEAFD /* TransactionDetailViewModel.swift */; };
/* End PBXBuildFile section */

/* Begin PBXFileReference section */
		0E5BB55A52D4A3F63702C430 /* Pods-PersonalExpenseTracker.release.xcconfig */ = {isa = PBXFileReference; includeInIndex = 1; lastKnownFileType = text.xcconfig; name = "Pods-PersonalExpenseTracker.release.xcconfig"; path = "Target Support Files/Pods-PersonalExpenseTracker/Pods-PersonalExpenseTracker.release.xcconfig"; sourceTree = "<group>"; };
		79C9DC160779C062CB91FD50 /* Pods_PersonalExpenseTracker.framework */ = {isa = PBXFileReference; explicitFileType = wrapper.framework; includeInIndex = 0; path = Pods_PersonalExpenseTracker.framework; sourceTree = BUILT_PRODUCTS_DIR; };
		95AA3D19C9B537DB364CE542 /* Pods-PersonalExpenseTracker.debug.xcconfig */ = {isa = PBXFileReference; includeInIndex = 1; lastKnownFileType = text.xcconfig; name = "Pods-PersonalExpenseTracker.debug.xcconfig"; path = "Target Support Files/Pods-PersonalExpenseTracker/Pods-PersonalExpenseTracker.debug.xcconfig"; sourceTree = "<group>"; };
		FE070BF42C34002B001CBD96 /* Credentials.swift */ = {isa = PBXFileReference; lastKnownFileType = sourcecode.swift; path = Credentials.swift; sourceTree = "<group>"; };
		FE070BF62C340EDE001CBD96 /* SignInViewModel.swift */ = {isa = PBXFileReference; lastKnownFileType = sourcecode.swift; path = SignInViewModel.swift; sourceTree = "<group>"; };
		FE070BF82C340EFA001CBD96 /* SignInViewController.swift */ = {isa = PBXFileReference; lastKnownFileType = sourcecode.swift; path = SignInViewController.swift; sourceTree = "<group>"; };
		FE070BFA2C343160001CBD96 /* MyUserDefaults.swift */ = {isa = PBXFileReference; lastKnownFileType = sourcecode.swift; path = MyUserDefaults.swift; sourceTree = "<group>"; };
		FE070BFD2C343B76001CBD96 /* HomeViewController.swift */ = {isa = PBXFileReference; lastKnownFileType = sourcecode.swift; path = HomeViewController.swift; sourceTree = "<group>"; };
		FE1682942C36CB7E00E4B3E0 /* MyColours.xcassets */ = {isa = PBXFileReference; lastKnownFileType = folder.assetcatalog; path = MyColours.xcassets; sourceTree = "<group>"; };
		FE1682982C36D7A900E4B3E0 /* Category.swift */ = {isa = PBXFileReference; lastKnownFileType = sourcecode.swift; path = Category.swift; sourceTree = "<group>"; };
		FE2656832C429AD50000430C /* AddCategoryViewController.swift */ = {isa = PBXFileReference; lastKnownFileType = sourcecode.swift; path = AddCategoryViewController.swift; sourceTree = "<group>"; };
		FE2656852C429AE90000430C /* AddCategoryViewModel.swift */ = {isa = PBXFileReference; lastKnownFileType = sourcecode.swift; path = AddCategoryViewModel.swift; sourceTree = "<group>"; };
		FE2656892C429EB60000430C /* AddCategoryVC+ColorCollectionView.swift */ = {isa = PBXFileReference; lastKnownFileType = sourcecode.swift; path = "AddCategoryVC+ColorCollectionView.swift"; sourceTree = "<group>"; };
		FE26568B2C429EDD0000430C /* AddCategoryVC+IconCollectionView.swift */ = {isa = PBXFileReference; lastKnownFileType = sourcecode.swift; path = "AddCategoryVC+IconCollectionView.swift"; sourceTree = "<group>"; };
		FE2AA0502C4CE96100303D04 /* NetworkService.swift */ = {isa = PBXFileReference; lastKnownFileType = sourcecode.swift; path = NetworkService.swift; sourceTree = "<group>"; };
		FE2AA0522C4CEF0300303D04 /* CurrencyRates.swift */ = {isa = PBXFileReference; lastKnownFileType = sourcecode.swift; path = CurrencyRates.swift; sourceTree = "<group>"; };
		FE2AA0542C4CEF2700303D04 /* NetworkManager.swift */ = {isa = PBXFileReference; lastKnownFileType = sourcecode.swift; path = NetworkManager.swift; sourceTree = "<group>"; };
		FE2AA0572C4CF05400303D04 /* Currency+View.swift */ = {isa = PBXFileReference; lastKnownFileType = sourcecode.swift; path = "Currency+View.swift"; sourceTree = "<group>"; };
		FE2AA0592C4CF07600303D04 /* CurrencyViewModel.swift */ = {isa = PBXFileReference; lastKnownFileType = sourcecode.swift; path = CurrencyViewModel.swift; sourceTree = "<group>"; };
		FE2AA05B2C4D1C8B00303D04 /* CurrencyCell.swift */ = {isa = PBXFileReference; lastKnownFileType = sourcecode.swift; path = CurrencyCell.swift; sourceTree = "<group>"; };
		FE3499282C491A0900E8A69F /* AppDataSource.swift */ = {isa = PBXFileReference; lastKnownFileType = sourcecode.swift; path = AppDataSource.swift; sourceTree = "<group>"; };
		FE3F05762C30423E005D1BD6 /* PersonalExpenseTracker.app */ = {isa = PBXFileReference; explicitFileType = wrapper.application; includeInIndex = 0; path = PersonalExpenseTracker.app; sourceTree = BUILT_PRODUCTS_DIR; };
		FE3F05792C30423E005D1BD6 /* AppDelegate.swift */ = {isa = PBXFileReference; lastKnownFileType = sourcecode.swift; path = AppDelegate.swift; sourceTree = "<group>"; };
		FE3F057B2C30423E005D1BD6 /* SceneDelegate.swift */ = {isa = PBXFileReference; lastKnownFileType = sourcecode.swift; path = SceneDelegate.swift; sourceTree = "<group>"; };
		FE3F057D2C30423E005D1BD6 /* SignUpViewController.swift */ = {isa = PBXFileReference; lastKnownFileType = sourcecode.swift; path = SignUpViewController.swift; sourceTree = "<group>"; };
		FE3F05832C30423E005D1BD6 /* PersonalExpenseTracker.xcdatamodel */ = {isa = PBXFileReference; lastKnownFileType = wrapper.xcdatamodel; path = PersonalExpenseTracker.xcdatamodel; sourceTree = "<group>"; };
		FE3F05852C30423F005D1BD6 /* Assets.xcassets */ = {isa = PBXFileReference; lastKnownFileType = folder.assetcatalog; path = Assets.xcassets; sourceTree = "<group>"; };
		FE3F05882C30423F005D1BD6 /* Base */ = {isa = PBXFileReference; lastKnownFileType = file.storyboard; name = Base; path = Base.lproj/LaunchScreen.storyboard; sourceTree = "<group>"; };
		FE3F058A2C30423F005D1BD6 /* Info.plist */ = {isa = PBXFileReference; lastKnownFileType = text.plist.xml; path = Info.plist; sourceTree = "<group>"; };
		FE3F05902C3045B7005D1BD6 /* GoogleService-Info.plist */ = {isa = PBXFileReference; fileEncoding = 4; lastKnownFileType = text.plist.xml; path = "GoogleService-Info.plist"; sourceTree = "<group>"; };
		FE634AF22C3D0D57001A052B /* CategoryGroupTableViewCell.swift */ = {isa = PBXFileReference; lastKnownFileType = sourcecode.swift; path = CategoryGroupTableViewCell.swift; sourceTree = "<group>"; };
		FE634AF42C3D0DB1001A052B /* Transaction.swift */ = {isa = PBXFileReference; lastKnownFileType = sourcecode.swift; path = Transaction.swift; sourceTree = "<group>"; };
		FE634AF82C3D1BAE001A052B /* CategoryTransactionHistoryViewController.swift */ = {isa = PBXFileReference; lastKnownFileType = sourcecode.swift; path = CategoryTransactionHistoryViewController.swift; sourceTree = "<group>"; };
		FE634AFC2C3D3C22001A052B /* CategoryTransactionViewCell.swift */ = {isa = PBXFileReference; lastKnownFileType = sourcecode.swift; path = CategoryTransactionViewCell.swift; sourceTree = "<group>"; };
		FE634AFF2C3D4D97001A052B /* TransactionDetailViewController.swift */ = {isa = PBXFileReference; lastKnownFileType = sourcecode.swift; path = TransactionDetailViewController.swift; sourceTree = "<group>"; };
		FE7D801B2C4165BC00CFD76D /* CategoryTransactionHistoryViewModel.swift */ = {isa = PBXFileReference; lastKnownFileType = sourcecode.swift; path = CategoryTransactionHistoryViewModel.swift; sourceTree = "<group>"; };
		FE93CA452C3521D400FA5108 /* ExpensesViewController.swift */ = {isa = PBXFileReference; lastKnownFileType = sourcecode.swift; path = ExpensesViewController.swift; sourceTree = "<group>"; };
		FE93CA472C3521F100FA5108 /* IncomeViewController.swift */ = {isa = PBXFileReference; lastKnownFileType = sourcecode.swift; path = IncomeViewController.swift; sourceTree = "<group>"; };
		FE93CA492C35220500FA5108 /* ExpensesViewModel.swift */ = {isa = PBXFileReference; lastKnownFileType = sourcecode.swift; path = ExpensesViewModel.swift; sourceTree = "<group>"; };
		FE93CA4B2C35221000FA5108 /* IncomeViewModel.swift */ = {isa = PBXFileReference; lastKnownFileType = sourcecode.swift; path = IncomeViewModel.swift; sourceTree = "<group>"; };
		FE93CA502C35372700FA5108 /* HomeViewModel.swift */ = {isa = PBXFileReference; lastKnownFileType = sourcecode.swift; path = HomeViewModel.swift; sourceTree = "<group>"; };
		FE93CA532C3563CF00FA5108 /* DoughnutChartCell.swift */ = {isa = PBXFileReference; lastKnownFileType = sourcecode.swift; path = DoughnutChartCell.swift; sourceTree = "<group>"; };
		FE93CA552C35675000FA5108 /* CategoryGroupTableView.swift */ = {isa = PBXFileReference; lastKnownFileType = sourcecode.swift; path = CategoryGroupTableView.swift; sourceTree = "<group>"; };
		FE93CA582C357A5D00FA5108 /* AddTransactionViewController.swift */ = {isa = PBXFileReference; lastKnownFileType = sourcecode.swift; path = AddTransactionViewController.swift; sourceTree = "<group>"; };
		FE962C8B2C47A6E900A441CB /* DataRepository.swift */ = {isa = PBXFileReference; lastKnownFileType = sourcecode.swift; path = DataRepository.swift; sourceTree = "<group>"; };
		FEAA0E9D2C31688E0071CCC1 /* SignUpViewModel.swift */ = {isa = PBXFileReference; lastKnownFileType = sourcecode.swift; path = SignUpViewModel.swift; sourceTree = "<group>"; };
		FEAA0EA22C316DFA0071CCC1 /* view_utils.swift */ = {isa = PBXFileReference; lastKnownFileType = sourcecode.swift; path = view_utils.swift; sourceTree = "<group>"; };
		FEAA0EA72C319AC30071CCC1 /* AuthService.swift */ = {isa = PBXFileReference; lastKnownFileType = sourcecode.swift; path = AuthService.swift; sourceTree = "<group>"; };
		FECF38882C3BFCD9004F1998 /* CategoryCollectionViewCell.swift */ = {isa = PBXFileReference; fileEncoding = 4; lastKnownFileType = sourcecode.swift; path = CategoryCollectionViewCell.swift; sourceTree = "<group>"; };
		FECF388A2C3BFEAE004F1998 /* AddTransactionViewController+CollectionView.swift */ = {isa = PBXFileReference; lastKnownFileType = sourcecode.swift; path = "AddTransactionViewController+CollectionView.swift"; sourceTree = "<group>"; };
		FECF388C2C3BFF48004F1998 /* AddTransactionViewController+DatePicker.swift */ = {isa = PBXFileReference; lastKnownFileType = sourcecode.swift; path = "AddTransactionViewController+DatePicker.swift"; sourceTree = "<group>"; };
		FECF388E2C3C00D3004F1998 /* AddTransactionViewController+Buttons.swift */ = {isa = PBXFileReference; lastKnownFileType = sourcecode.swift; path = "AddTransactionViewController+Buttons.swift"; sourceTree = "<group>"; };
		FECF38912C3C1E14004F1998 /* AddTransactionViewModel.swift */ = {isa = PBXFileReference; lastKnownFileType = sourcecode.swift; path = AddTransactionViewModel.swift; sourceTree = "<group>"; };
		FECF38932C3C224A004F1998 /* UITextField+Extension.swift */ = {isa = PBXFileReference; lastKnownFileType = sourcecode.swift; path = "UITextField+Extension.swift"; sourceTree = "<group>"; };
		FECF38952C3C261A004F1998 /* AddTransitionViewController+TextField.swift */ = {isa = PBXFileReference; lastKnownFileType = sourcecode.swift; path = "AddTransitionViewController+TextField.swift"; sourceTree = "<group>"; };
		FED057C52C47928500570946 /* CodableColor.swift */ = {isa = PBXFileReference; lastKnownFileType = sourcecode.swift; path = CodableColor.swift; sourceTree = "<group>"; };
		FED057C72C4795AD00570946 /* ImageWrapper.swift */ = {isa = PBXFileReference; lastKnownFileType = sourcecode.swift; path = ImageWrapper.swift; sourceTree = "<group>"; };
		FED878812C3FB12D006668BC /* CoreData+Publisher.swift */ = {isa = PBXFileReference; lastKnownFileType = sourcecode.swift; path = "CoreData+Publisher.swift"; sourceTree = "<group>"; };
		FEDE2D632C3D6F830086E150 /* CoreDataManager.swift */ = {isa = PBXFileReference; lastKnownFileType = sourcecode.swift; path = CoreDataManager.swift; sourceTree = "<group>"; };
		FEDE2D672C3D71630086E150 /* CoreData+Category.swift */ = {isa = PBXFileReference; lastKnownFileType = sourcecode.swift; path = "CoreData+Category.swift"; sourceTree = "<group>"; };
		FEEC657C2C4695E9004D9487 /* FIreStoreManager.swift */ = {isa = PBXFileReference; lastKnownFileType = sourcecode.swift; path = FIreStoreManager.swift; sourceTree = "<group>"; };
		FEF95D512C3E5790008E148E /* CoreData+Transaction.swift */ = {isa = PBXFileReference; lastKnownFileType = sourcecode.swift; path = "CoreData+Transaction.swift"; sourceTree = "<group>"; };
		FEF95D532C3EB662008E148E /* CategoryGroup.swift */ = {isa = PBXFileReference; lastKnownFileType = sourcecode.swift; path = CategoryGroup.swift; sourceTree = "<group>"; };
		FEFB4BB22C44DD5F00FCEAFD /* IconCollectionViewCell.swift */ = {isa = PBXFileReference; lastKnownFileType = sourcecode.swift; path = IconCollectionViewCell.swift; sourceTree = "<group>"; };
		FEFB4BB42C44E10900FCEAFD /* ColorCollectionCell.swift */ = {isa = PBXFileReference; lastKnownFileType = sourcecode.swift; path = ColorCollectionCell.swift; sourceTree = "<group>"; };
		FEFB4BB62C452DBA00FCEAFD /* TransactionDetailViewModel.swift */ = {isa = PBXFileReference; lastKnownFileType = sourcecode.swift; path = TransactionDetailViewModel.swift; sourceTree = "<group>"; };
/* End PBXFileReference section */

/* Begin PBXFrameworksBuildPhase section */
		FE3F05732C30423E005D1BD6 /* Frameworks */ = {
			isa = PBXFrameworksBuildPhase;
			buildActionMask = 2147483647;
			files = (
				0B16A568E2F6F42E87CF800A /* Pods_PersonalExpenseTracker.framework in Frameworks */,
			);
			runOnlyForDeploymentPostprocessing = 0;
		};
/* End PBXFrameworksBuildPhase section */

/* Begin PBXGroup section */
		AB08FA07D0B2141DD85920D5 /* Pods */ = {
			isa = PBXGroup;
			children = (
				95AA3D19C9B537DB364CE542 /* Pods-PersonalExpenseTracker.debug.xcconfig */,
				0E5BB55A52D4A3F63702C430 /* Pods-PersonalExpenseTracker.release.xcconfig */,
			);
			path = Pods;
			sourceTree = "<group>";
		};
		EEDEB3107D4B2E282546D6DD /* Frameworks */ = {
			isa = PBXGroup;
			children = (
				79C9DC160779C062CB91FD50 /* Pods_PersonalExpenseTracker.framework */,
			);
			name = Frameworks;
			sourceTree = "<group>";
		};
		FE0037932C3051BC00050C73 /* SupportingFiles */ = {
			isa = PBXGroup;
			children = (
				FE3F05872C30423F005D1BD6 /* LaunchScreen.storyboard */,
				FE3F05792C30423E005D1BD6 /* AppDelegate.swift */,
				FE3F057B2C30423E005D1BD6 /* SceneDelegate.swift */,
			);
			path = SupportingFiles;
			sourceTree = "<group>";
		};
		FE070BF32C340018001CBD96 /* model */ = {
			isa = PBXGroup;
			children = (
				FE070BF42C34002B001CBD96 /* Credentials.swift */,
				FE1682982C36D7A900E4B3E0 /* Category.swift */,
				FE634AF42C3D0DB1001A052B /* Transaction.swift */,
				FEF95D532C3EB662008E148E /* CategoryGroup.swift */,
				FE2AA0522C4CEF0300303D04 /* CurrencyRates.swift */,
			);
			path = model;
			sourceTree = "<group>";
		};
		FE070BFC2C343B5F001CBD96 /* Main */ = {
			isa = PBXGroup;
			children = (
				FE2AA0562C4CF03300303D04 /* Currrency */,
				FE2656822C429AB90000430C /* AddCategory */,
				FE634AFE2C3D4D7C001A052B /* TransactionDetail */,
				FE93CA572C357A4800FA5108 /* AddTransaction */,
				FE93CA522C35637D00FA5108 /* TransactionsTableView */,
				FE93CA4F2C35371300FA5108 /* Home */,
			);
			path = Main;
			sourceTree = "<group>";
		};
		FE2656822C429AB90000430C /* AddCategory */ = {
			isa = PBXGroup;
			children = (
				FE2656872C429E750000430C /* View */,
				FE2656852C429AE90000430C /* AddCategoryViewModel.swift */,
			);
			path = AddCategory;
			sourceTree = "<group>";
		};
		FE2656872C429E750000430C /* View */ = {
			isa = PBXGroup;
			children = (
				FE2656882C429E880000430C /* CollectionView */,
				FE2656832C429AD50000430C /* AddCategoryViewController.swift */,
			);
			path = View;
			sourceTree = "<group>";
		};
		FE2656882C429E880000430C /* CollectionView */ = {
			isa = PBXGroup;
			children = (
				FE2656892C429EB60000430C /* AddCategoryVC+ColorCollectionView.swift */,
				FE26568B2C429EDD0000430C /* AddCategoryVC+IconCollectionView.swift */,
				FEFB4BB22C44DD5F00FCEAFD /* IconCollectionViewCell.swift */,
				FEFB4BB42C44E10900FCEAFD /* ColorCollectionCell.swift */,
			);
			path = CollectionView;
			sourceTree = "<group>";
		};
		FE2AA04F2C4CE94200303D04 /* Network */ = {
			isa = PBXGroup;
			children = (
				FE2AA0502C4CE96100303D04 /* NetworkService.swift */,
				FE2AA0542C4CEF2700303D04 /* NetworkManager.swift */,
			);
			path = Network;
			sourceTree = "<group>";
		};
		FE2AA0562C4CF03300303D04 /* Currrency */ = {
			isa = PBXGroup;
			children = (
				FE2AA0572C4CF05400303D04 /* Currency+View.swift */,
				FE2AA0592C4CF07600303D04 /* CurrencyViewModel.swift */,
				FE2AA05B2C4D1C8B00303D04 /* CurrencyCell.swift */,
			);
			path = Currrency;
			sourceTree = "<group>";
		};
		FE3F056D2C30423E005D1BD6 = {
			isa = PBXGroup;
			children = (
				FE3F05782C30423E005D1BD6 /* PersonalExpenseTracker */,
				FE3F05772C30423E005D1BD6 /* Products */,
				AB08FA07D0B2141DD85920D5 /* Pods */,
				EEDEB3107D4B2E282546D6DD /* Frameworks */,
			);
			sourceTree = "<group>";
		};
		FE3F05772C30423E005D1BD6 /* Products */ = {
			isa = PBXGroup;
			children = (
				FE3F05762C30423E005D1BD6 /* PersonalExpenseTracker.app */,
			);
			name = Products;
			sourceTree = "<group>";
		};
		FE3F05782C30423E005D1BD6 /* PersonalExpenseTracker */ = {
			isa = PBXGroup;
			children = (
				FE2AA04F2C4CE94200303D04 /* Network */,
				FE962C8A2C47A6D300A441CB /* Repository */,
				FEEC657B2C4695D9004D9487 /* FireStore */,
				FE634B012C3D6C4C001A052B /* CoreData */,
				FE070BFC2C343B5F001CBD96 /* Main */,
				FE070BF32C340018001CBD96 /* model */,
				FEAA0EA62C319AA80071CCC1 /* Auth */,
				FEAA0EA12C316DDD0071CCC1 /* utils */,
				FE0037932C3051BC00050C73 /* SupportingFiles */,
				FE3F05852C30423F005D1BD6 /* Assets.xcassets */,
				FE1682942C36CB7E00E4B3E0 /* MyColours.xcassets */,
				FE3F058A2C30423F005D1BD6 /* Info.plist */,
				FE3F05902C3045B7005D1BD6 /* GoogleService-Info.plist */,
				FE3F05822C30423E005D1BD6 /* PersonalExpenseTracker.xcdatamodeld */,
			);
			path = PersonalExpenseTracker;
			sourceTree = "<group>";
		};
		FE634AFB2C3D1BBE001A052B /* CategoryTransactionHistory */ = {
			isa = PBXGroup;
			children = (
				FE634AF82C3D1BAE001A052B /* CategoryTransactionHistoryViewController.swift */,
				FE634AFC2C3D3C22001A052B /* CategoryTransactionViewCell.swift */,
				FE7D801B2C4165BC00CFD76D /* CategoryTransactionHistoryViewModel.swift */,
			);
			path = CategoryTransactionHistory;
			sourceTree = "<group>";
		};
		FE634AFE2C3D4D7C001A052B /* TransactionDetail */ = {
			isa = PBXGroup;
			children = (
				FE634AFF2C3D4D97001A052B /* TransactionDetailViewController.swift */,
				FEFB4BB62C452DBA00FCEAFD /* TransactionDetailViewModel.swift */,
			);
			path = TransactionDetail;
			sourceTree = "<group>";
		};
		FE634B012C3D6C4C001A052B /* CoreData */ = {
			isa = PBXGroup;
			children = (
				FEDE2D632C3D6F830086E150 /* CoreDataManager.swift */,
				FEF95D512C3E5790008E148E /* CoreData+Transaction.swift */,
				FEDE2D672C3D71630086E150 /* CoreData+Category.swift */,
				FED878812C3FB12D006668BC /* CoreData+Publisher.swift */,
			);
			path = CoreData;
			sourceTree = "<group>";
		};
		FE93CA432C3521B800FA5108 /* Income */ = {
			isa = PBXGroup;
			children = (
				FE93CA472C3521F100FA5108 /* IncomeViewController.swift */,
				FE93CA4B2C35221000FA5108 /* IncomeViewModel.swift */,
			);
			path = Income;
			sourceTree = "<group>";
		};
		FE93CA442C3521C200FA5108 /* Expenses */ = {
			isa = PBXGroup;
			children = (
				FE93CA452C3521D400FA5108 /* ExpensesViewController.swift */,
				FE93CA492C35220500FA5108 /* ExpensesViewModel.swift */,
			);
			path = Expenses;
			sourceTree = "<group>";
		};
		FE93CA4F2C35371300FA5108 /* Home */ = {
			isa = PBXGroup;
			children = (
				FE634AFB2C3D1BBE001A052B /* CategoryTransactionHistory */,
				FE93CA432C3521B800FA5108 /* Income */,
				FE93CA442C3521C200FA5108 /* Expenses */,
				FE070BFD2C343B76001CBD96 /* HomeViewController.swift */,
				FE93CA502C35372700FA5108 /* HomeViewModel.swift */,
			);
			path = Home;
			sourceTree = "<group>";
		};
		FE93CA522C35637D00FA5108 /* TransactionsTableView */ = {
			isa = PBXGroup;
			children = (
				FE93CA532C3563CF00FA5108 /* DoughnutChartCell.swift */,
				FE93CA552C35675000FA5108 /* CategoryGroupTableView.swift */,
				FE634AF22C3D0D57001A052B /* CategoryGroupTableViewCell.swift */,
			);
			path = TransactionsTableView;
			sourceTree = "<group>";
		};
		FE93CA572C357A4800FA5108 /* AddTransaction */ = {
			isa = PBXGroup;
			children = (
				FECF38902C3C1DDC004F1998 /* AddTransitionCollectionView */,
				FE93CA582C357A5D00FA5108 /* AddTransactionViewController.swift */,
				FECF388C2C3BFF48004F1998 /* AddTransactionViewController+DatePicker.swift */,
				FECF388E2C3C00D3004F1998 /* AddTransactionViewController+Buttons.swift */,
				FECF38912C3C1E14004F1998 /* AddTransactionViewModel.swift */,
				FECF38952C3C261A004F1998 /* AddTransitionViewController+TextField.swift */,
			);
			path = AddTransaction;
			sourceTree = "<group>";
		};
		FE962C8A2C47A6D300A441CB /* Repository */ = {
			isa = PBXGroup;
			children = (
				FE962C8B2C47A6E900A441CB /* DataRepository.swift */,
				FE3499282C491A0900E8A69F /* AppDataSource.swift */,
			);
			path = Repository;
			sourceTree = "<group>";
		};
		FEAA0E9B2C3168610071CCC1 /* SignUp */ = {
			isa = PBXGroup;
			children = (
				FE3F057D2C30423E005D1BD6 /* SignUpViewController.swift */,
				FEAA0E9D2C31688E0071CCC1 /* SignUpViewModel.swift */,
			);
			path = SignUp;
			sourceTree = "<group>";
		};
		FEAA0E9C2C3168760071CCC1 /* SignIn */ = {
			isa = PBXGroup;
			children = (
				FE070BF62C340EDE001CBD96 /* SignInViewModel.swift */,
				FE070BF82C340EFA001CBD96 /* SignInViewController.swift */,
			);
			path = SignIn;
			sourceTree = "<group>";
		};
		FEAA0EA12C316DDD0071CCC1 /* utils */ = {
			isa = PBXGroup;
			children = (
				FEAA0EA22C316DFA0071CCC1 /* view_utils.swift */,
				FE070BFA2C343160001CBD96 /* MyUserDefaults.swift */,
				FECF38932C3C224A004F1998 /* UITextField+Extension.swift */,
				FED057C52C47928500570946 /* CodableColor.swift */,
				FED057C72C4795AD00570946 /* ImageWrapper.swift */,
			);
			path = utils;
			sourceTree = "<group>";
		};
		FEAA0EA62C319AA80071CCC1 /* Auth */ = {
			isa = PBXGroup;
			children = (
				FEAA0E9B2C3168610071CCC1 /* SignUp */,
				FEAA0E9C2C3168760071CCC1 /* SignIn */,
				FEAA0EA72C319AC30071CCC1 /* AuthService.swift */,
			);
			path = Auth;
			sourceTree = "<group>";
		};
		FECF38902C3C1DDC004F1998 /* AddTransitionCollectionView */ = {
			isa = PBXGroup;
			children = (
				FECF38882C3BFCD9004F1998 /* CategoryCollectionViewCell.swift */,
				FECF388A2C3BFEAE004F1998 /* AddTransactionViewController+CollectionView.swift */,
			);
			path = AddTransitionCollectionView;
			sourceTree = "<group>";
		};
		FEEC657B2C4695D9004D9487 /* FireStore */ = {
			isa = PBXGroup;
			children = (
				FEEC657C2C4695E9004D9487 /* FIreStoreManager.swift */,
			);
			path = FireStore;
			sourceTree = "<group>";
		};
/* End PBXGroup section */

/* Begin PBXNativeTarget section */
		FE3F05752C30423E005D1BD6 /* PersonalExpenseTracker */ = {
			isa = PBXNativeTarget;
			buildConfigurationList = FE3F058D2C30423F005D1BD6 /* Build configuration list for PBXNativeTarget "PersonalExpenseTracker" */;
			buildPhases = (
				21B84DB1D0D2D8163438A8AA /* [CP] Check Pods Manifest.lock */,
				FE3F05722C30423E005D1BD6 /* Sources */,
				FE3F05732C30423E005D1BD6 /* Frameworks */,
				FE3F05742C30423E005D1BD6 /* Resources */,
				B2A5355C755AA38DA619D2CF /* [CP] Embed Pods Frameworks */,
			);
			buildRules = (
			);
			dependencies = (
			);
			name = PersonalExpenseTracker;
			productName = PersonalExpenseTracker;
			productReference = FE3F05762C30423E005D1BD6 /* PersonalExpenseTracker.app */;
			productType = "com.apple.product-type.application";
		};
/* End PBXNativeTarget section */

/* Begin PBXProject section */
		FE3F056E2C30423E005D1BD6 /* Project object */ = {
			isa = PBXProject;
			attributes = {
				BuildIndependentTargetsInParallel = 1;
				LastSwiftUpdateCheck = 1540;
				LastUpgradeCheck = 1540;
				TargetAttributes = {
					FE3F05752C30423E005D1BD6 = {
						CreatedOnToolsVersion = 15.4;
					};
				};
			};
			buildConfigurationList = FE3F05712C30423E005D1BD6 /* Build configuration list for PBXProject "PersonalExpenseTracker" */;
			compatibilityVersion = "Xcode 14.0";
			developmentRegion = en;
			hasScannedForEncodings = 0;
			knownRegions = (
				en,
				Base,
			);
			mainGroup = FE3F056D2C30423E005D1BD6;
			productRefGroup = FE3F05772C30423E005D1BD6 /* Products */;
			projectDirPath = "";
			projectRoot = "";
			targets = (
				FE3F05752C30423E005D1BD6 /* PersonalExpenseTracker */,
			);
		};
/* End PBXProject section */

/* Begin PBXResourcesBuildPhase section */
		FE3F05742C30423E005D1BD6 /* Resources */ = {
			isa = PBXResourcesBuildPhase;
			buildActionMask = 2147483647;
			files = (
				FE3F05862C30423F005D1BD6 /* Assets.xcassets in Resources */,
				FE3F05892C30423F005D1BD6 /* Base in Resources */,
				FE3F05912C3045B7005D1BD6 /* GoogleService-Info.plist in Resources */,
				FE1682952C36CB7E00E4B3E0 /* MyColours.xcassets in Resources */,
			);
			runOnlyForDeploymentPostprocessing = 0;
		};
/* End PBXResourcesBuildPhase section */

/* Begin PBXShellScriptBuildPhase section */
		21B84DB1D0D2D8163438A8AA /* [CP] Check Pods Manifest.lock */ = {
			isa = PBXShellScriptBuildPhase;
			buildActionMask = 2147483647;
			files = (
			);
			inputFileListPaths = (
			);
			inputPaths = (
				"${PODS_PODFILE_DIR_PATH}/Podfile.lock",
				"${PODS_ROOT}/Manifest.lock",
			);
			name = "[CP] Check Pods Manifest.lock";
			outputFileListPaths = (
			);
			outputPaths = (
				"$(DERIVED_FILE_DIR)/Pods-PersonalExpenseTracker-checkManifestLockResult.txt",
			);
			runOnlyForDeploymentPostprocessing = 0;
			shellPath = /bin/sh;
			shellScript = "diff \"${PODS_PODFILE_DIR_PATH}/Podfile.lock\" \"${PODS_ROOT}/Manifest.lock\" > /dev/null\nif [ $? != 0 ] ; then\n    # print error to STDERR\n    echo \"error: The sandbox is not in sync with the Podfile.lock. Run 'pod install' or update your CocoaPods installation.\" >&2\n    exit 1\nfi\n# This output is used by Xcode 'outputs' to avoid re-running this script phase.\necho \"SUCCESS\" > \"${SCRIPT_OUTPUT_FILE_0}\"\n";
			showEnvVarsInLog = 0;
		};
		B2A5355C755AA38DA619D2CF /* [CP] Embed Pods Frameworks */ = {
			isa = PBXShellScriptBuildPhase;
			buildActionMask = 2147483647;
			files = (
			);
			inputFileListPaths = (
				"${PODS_ROOT}/Target Support Files/Pods-PersonalExpenseTracker/Pods-PersonalExpenseTracker-frameworks-${CONFIGURATION}-input-files.xcfilelist",
			);
			name = "[CP] Embed Pods Frameworks";
			outputFileListPaths = (
				"${PODS_ROOT}/Target Support Files/Pods-PersonalExpenseTracker/Pods-PersonalExpenseTracker-frameworks-${CONFIGURATION}-output-files.xcfilelist",
			);
			runOnlyForDeploymentPostprocessing = 0;
			shellPath = /bin/sh;
			shellScript = "\"${PODS_ROOT}/Target Support Files/Pods-PersonalExpenseTracker/Pods-PersonalExpenseTracker-frameworks.sh\"\n";
			showEnvVarsInLog = 0;
		};
/* End PBXShellScriptBuildPhase section */

/* Begin PBXSourcesBuildPhase section */
		FE3F05722C30423E005D1BD6 /* Sources */ = {
			isa = PBXSourcesBuildPhase;
			buildActionMask = 2147483647;
			files = (
				FE2AA0552C4CEF2700303D04 /* NetworkManager.swift in Sources */,
				FECF38942C3C224A004F1998 /* UITextField+Extension.swift in Sources */,
				FE3F057E2C30423E005D1BD6 /* SignUpViewController.swift in Sources */,
				FE2AA05C2C4D1C8B00303D04 /* CurrencyCell.swift in Sources */,
				FEFB4BB72C452DBA00FCEAFD /* TransactionDetailViewModel.swift in Sources */,
				FE2656862C429AE90000430C /* AddCategoryViewModel.swift in Sources */,
				FE634AF92C3D1BAE001A052B /* CategoryTransactionHistoryViewController.swift in Sources */,
				FE93CA512C35372700FA5108 /* HomeViewModel.swift in Sources */,
				FE93CA542C3563CF00FA5108 /* DoughnutChartCell.swift in Sources */,
				FEEC657D2C4695E9004D9487 /* FIreStoreManager.swift in Sources */,
				FE3F057A2C30423E005D1BD6 /* AppDelegate.swift in Sources */,
				FE070BF52C34002B001CBD96 /* Credentials.swift in Sources */,
				FEF95D522C3E5790008E148E /* CoreData+Transaction.swift in Sources */,
				FE070BFB2C343160001CBD96 /* MyUserDefaults.swift in Sources */,
				FE3F057C2C30423E005D1BD6 /* SceneDelegate.swift in Sources */,
				FE7D801C2C4165BC00CFD76D /* CategoryTransactionHistoryViewModel.swift in Sources */,
				FE93CA592C357A5D00FA5108 /* AddTransactionViewController.swift in Sources */,
				FECF388B2C3BFEAE004F1998 /* AddTransactionViewController+CollectionView.swift in Sources */,
				FE2AA05A2C4CF07600303D04 /* CurrencyViewModel.swift in Sources */,
				FE634AFD2C3D3C22001A052B /* CategoryTransactionViewCell.swift in Sources */,
				FECF38892C3BFCD9004F1998 /* CategoryCollectionViewCell.swift in Sources */,
				FE3499292C491A0900E8A69F /* AppDataSource.swift in Sources */,
				FE93CA4A2C35220500FA5108 /* ExpensesViewModel.swift in Sources */,
				FE2656842C429AD50000430C /* AddCategoryViewController.swift in Sources */,
				FE634B002C3D4D97001A052B /* TransactionDetailViewController.swift in Sources */,
				FEAA0E9E2C31688E0071CCC1 /* SignUpViewModel.swift in Sources */,
				FECF38962C3C261A004F1998 /* AddTransitionViewController+TextField.swift in Sources */,
				FE634AF52C3D0DB1001A052B /* Transaction.swift in Sources */,
				FEF95D542C3EB662008E148E /* CategoryGroup.swift in Sources */,
				FEFB4BB52C44E10900FCEAFD /* ColorCollectionCell.swift in Sources */,
				FE93CA4C2C35221000FA5108 /* IncomeViewModel.swift in Sources */,
				FECF388D2C3BFF48004F1998 /* AddTransactionViewController+DatePicker.swift in Sources */,
				FE070BF72C340EDE001CBD96 /* SignInViewModel.swift in Sources */,
				FE93CA462C3521D400FA5108 /* ExpensesViewController.swift in Sources */,
				FEDE2D682C3D71630086E150 /* CoreData+Category.swift in Sources */,
				FE962C8C2C47A6E900A441CB /* DataRepository.swift in Sources */,
				FE93CA562C35675000FA5108 /* CategoryGroupTableView.swift in Sources */,
				FECF38922C3C1E14004F1998 /* AddTransactionViewModel.swift in Sources */,
				FEAA0EA32C316DFA0071CCC1 /* view_utils.swift in Sources */,
				FE3F05842C30423E005D1BD6 /* PersonalExpenseTracker.xcdatamodeld in Sources */,
				FE2AA0582C4CF05400303D04 /* Currency+View.swift in Sources */,
				FE070BF92C340EFA001CBD96 /* SignInViewController.swift in Sources */,
				FE93CA482C3521F100FA5108 /* IncomeViewController.swift in Sources */,
				FE634AF32C3D0D57001A052B /* CategoryGroupTableViewCell.swift in Sources */,
				FE2AA0532C4CEF0300303D04 /* CurrencyRates.swift in Sources */,
				FED057C82C4795AD00570946 /* ImageWrapper.swift in Sources */,
				FED057C62C47928500570946 /* CodableColor.swift in Sources */,
				FEAA0EA82C319AC30071CCC1 /* AuthService.swift in Sources */,
				FE070BFE2C343B76001CBD96 /* HomeViewController.swift in Sources */,
				FE26568A2C429EB60000430C /* AddCategoryVC+ColorCollectionView.swift in Sources */,
				FE26568C2C429EDD0000430C /* AddCategoryVC+IconCollectionView.swift in Sources */,
				FE1682992C36D7A900E4B3E0 /* Category.swift in Sources */,
				FEDE2D642C3D6F830086E150 /* CoreDataManager.swift in Sources */,
				FED878822C3FB12D006668BC /* CoreData+Publisher.swift in Sources */,
				FECF388F2C3C00D3004F1998 /* AddTransactionViewController+Buttons.swift in Sources */,
				FE2AA0512C4CE96100303D04 /* NetworkService.swift in Sources */,
				FEFB4BB32C44DD5F00FCEAFD /* IconCollectionViewCell.swift in Sources */,
			);
			runOnlyForDeploymentPostprocessing = 0;
		};
/* End PBXSourcesBuildPhase section */

/* Begin PBXVariantGroup section */
		FE3F05872C30423F005D1BD6 /* LaunchScreen.storyboard */ = {
			isa = PBXVariantGroup;
			children = (
				FE3F05882C30423F005D1BD6 /* Base */,
			);
			name = LaunchScreen.storyboard;
			sourceTree = "<group>";
		};
/* End PBXVariantGroup section */

/* Begin XCBuildConfiguration section */
		FE3F058B2C30423F005D1BD6 /* Debug */ = {
			isa = XCBuildConfiguration;
			buildSettings = {
				ALWAYS_SEARCH_USER_PATHS = NO;
				ASSETCATALOG_COMPILER_GENERATE_SWIFT_ASSET_SYMBOL_EXTENSIONS = YES;
				CLANG_ANALYZER_NONNULL = YES;
				CLANG_ANALYZER_NUMBER_OBJECT_CONVERSION = YES_AGGRESSIVE;
				CLANG_CXX_LANGUAGE_STANDARD = "gnu++20";
				CLANG_ENABLE_MODULES = YES;
				CLANG_ENABLE_OBJC_ARC = YES;
				CLANG_ENABLE_OBJC_WEAK = YES;
				CLANG_WARN_BLOCK_CAPTURE_AUTORELEASING = YES;
				CLANG_WARN_BOOL_CONVERSION = YES;
				CLANG_WARN_COMMA = YES;
				CLANG_WARN_CONSTANT_CONVERSION = YES;
				CLANG_WARN_DEPRECATED_OBJC_IMPLEMENTATIONS = YES;
				CLANG_WARN_DIRECT_OBJC_ISA_USAGE = YES_ERROR;
				CLANG_WARN_DOCUMENTATION_COMMENTS = YES;
				CLANG_WARN_EMPTY_BODY = YES;
				CLANG_WARN_ENUM_CONVERSION = YES;
				CLANG_WARN_INFINITE_RECURSION = YES;
				CLANG_WARN_INT_CONVERSION = YES;
				CLANG_WARN_NON_LITERAL_NULL_CONVERSION = YES;
				CLANG_WARN_OBJC_IMPLICIT_RETAIN_SELF = YES;
				CLANG_WARN_OBJC_LITERAL_CONVERSION = YES;
				CLANG_WARN_OBJC_ROOT_CLASS = YES_ERROR;
				CLANG_WARN_QUOTED_INCLUDE_IN_FRAMEWORK_HEADER = YES;
				CLANG_WARN_RANGE_LOOP_ANALYSIS = YES;
				CLANG_WARN_STRICT_PROTOTYPES = YES;
				CLANG_WARN_SUSPICIOUS_MOVE = YES;
				CLANG_WARN_UNGUARDED_AVAILABILITY = YES_AGGRESSIVE;
				CLANG_WARN_UNREACHABLE_CODE = YES;
				CLANG_WARN__DUPLICATE_METHOD_MATCH = YES;
				COPY_PHASE_STRIP = NO;
				DEBUG_INFORMATION_FORMAT = dwarf;
				ENABLE_STRICT_OBJC_MSGSEND = YES;
				ENABLE_TESTABILITY = YES;
				ENABLE_USER_SCRIPT_SANDBOXING = YES;
				GCC_C_LANGUAGE_STANDARD = gnu17;
				GCC_DYNAMIC_NO_PIC = NO;
				GCC_NO_COMMON_BLOCKS = YES;
				GCC_OPTIMIZATION_LEVEL = 0;
				GCC_PREPROCESSOR_DEFINITIONS = (
					"DEBUG=1",
					"$(inherited)",
				);
				GCC_WARN_64_TO_32_BIT_CONVERSION = YES;
				GCC_WARN_ABOUT_RETURN_TYPE = YES_ERROR;
				GCC_WARN_UNDECLARED_SELECTOR = YES;
				GCC_WARN_UNINITIALIZED_AUTOS = YES_AGGRESSIVE;
				GCC_WARN_UNUSED_FUNCTION = YES;
				GCC_WARN_UNUSED_VARIABLE = YES;
				IPHONEOS_DEPLOYMENT_TARGET = 17.5;
				LOCALIZATION_PREFERS_STRING_CATALOGS = YES;
				MTL_ENABLE_DEBUG_INFO = INCLUDE_SOURCE;
				MTL_FAST_MATH = YES;
				ONLY_ACTIVE_ARCH = YES;
				SDKROOT = iphoneos;
				SWIFT_ACTIVE_COMPILATION_CONDITIONS = "DEBUG $(inherited)";
				SWIFT_OPTIMIZATION_LEVEL = "-Onone";
			};
			name = Debug;
		};
		FE3F058C2C30423F005D1BD6 /* Release */ = {
			isa = XCBuildConfiguration;
			buildSettings = {
				ALWAYS_SEARCH_USER_PATHS = NO;
				ASSETCATALOG_COMPILER_GENERATE_SWIFT_ASSET_SYMBOL_EXTENSIONS = YES;
				CLANG_ANALYZER_NONNULL = YES;
				CLANG_ANALYZER_NUMBER_OBJECT_CONVERSION = YES_AGGRESSIVE;
				CLANG_CXX_LANGUAGE_STANDARD = "gnu++20";
				CLANG_ENABLE_MODULES = YES;
				CLANG_ENABLE_OBJC_ARC = YES;
				CLANG_ENABLE_OBJC_WEAK = YES;
				CLANG_WARN_BLOCK_CAPTURE_AUTORELEASING = YES;
				CLANG_WARN_BOOL_CONVERSION = YES;
				CLANG_WARN_COMMA = YES;
				CLANG_WARN_CONSTANT_CONVERSION = YES;
				CLANG_WARN_DEPRECATED_OBJC_IMPLEMENTATIONS = YES;
				CLANG_WARN_DIRECT_OBJC_ISA_USAGE = YES_ERROR;
				CLANG_WARN_DOCUMENTATION_COMMENTS = YES;
				CLANG_WARN_EMPTY_BODY = YES;
				CLANG_WARN_ENUM_CONVERSION = YES;
				CLANG_WARN_INFINITE_RECURSION = YES;
				CLANG_WARN_INT_CONVERSION = YES;
				CLANG_WARN_NON_LITERAL_NULL_CONVERSION = YES;
				CLANG_WARN_OBJC_IMPLICIT_RETAIN_SELF = YES;
				CLANG_WARN_OBJC_LITERAL_CONVERSION = YES;
				CLANG_WARN_OBJC_ROOT_CLASS = YES_ERROR;
				CLANG_WARN_QUOTED_INCLUDE_IN_FRAMEWORK_HEADER = YES;
				CLANG_WARN_RANGE_LOOP_ANALYSIS = YES;
				CLANG_WARN_STRICT_PROTOTYPES = YES;
				CLANG_WARN_SUSPICIOUS_MOVE = YES;
				CLANG_WARN_UNGUARDED_AVAILABILITY = YES_AGGRESSIVE;
				CLANG_WARN_UNREACHABLE_CODE = YES;
				CLANG_WARN__DUPLICATE_METHOD_MATCH = YES;
				COPY_PHASE_STRIP = NO;
				DEBUG_INFORMATION_FORMAT = "dwarf-with-dsym";
				ENABLE_NS_ASSERTIONS = NO;
				ENABLE_STRICT_OBJC_MSGSEND = YES;
				ENABLE_USER_SCRIPT_SANDBOXING = YES;
				GCC_C_LANGUAGE_STANDARD = gnu17;
				GCC_NO_COMMON_BLOCKS = YES;
				GCC_WARN_64_TO_32_BIT_CONVERSION = YES;
				GCC_WARN_ABOUT_RETURN_TYPE = YES_ERROR;
				GCC_WARN_UNDECLARED_SELECTOR = YES;
				GCC_WARN_UNINITIALIZED_AUTOS = YES_AGGRESSIVE;
				GCC_WARN_UNUSED_FUNCTION = YES;
				GCC_WARN_UNUSED_VARIABLE = YES;
				IPHONEOS_DEPLOYMENT_TARGET = 17.5;
				LOCALIZATION_PREFERS_STRING_CATALOGS = YES;
				MTL_ENABLE_DEBUG_INFO = NO;
				MTL_FAST_MATH = YES;
				SDKROOT = iphoneos;
				SWIFT_COMPILATION_MODE = wholemodule;
				VALIDATE_PRODUCT = YES;
			};
			name = Release;
		};
		FE3F058E2C30423F005D1BD6 /* Debug */ = {
			isa = XCBuildConfiguration;
			baseConfigurationReference = 95AA3D19C9B537DB364CE542 /* Pods-PersonalExpenseTracker.debug.xcconfig */;
			buildSettings = {
				ASSETCATALOG_COMPILER_APPICON_NAME = AppIcon;
				ASSETCATALOG_COMPILER_GLOBAL_ACCENT_COLOR_NAME = AccentColor;
				CODE_SIGN_STYLE = Automatic;
				CURRENT_PROJECT_VERSION = 1;
				ENABLE_USER_SCRIPT_SANDBOXING = NO;
				GENERATE_INFOPLIST_FILE = YES;
				INFOPLIST_FILE = PersonalExpenseTracker/Info.plist;
				INFOPLIST_KEY_UIApplicationSupportsIndirectInputEvents = YES;
				INFOPLIST_KEY_UILaunchStoryboardName = LaunchScreen;
				INFOPLIST_KEY_UISupportedInterfaceOrientations_iPad = "UIInterfaceOrientationPortrait UIInterfaceOrientationPortraitUpsideDown UIInterfaceOrientationLandscapeLeft UIInterfaceOrientationLandscapeRight";
				INFOPLIST_KEY_UISupportedInterfaceOrientations_iPhone = "UIInterfaceOrientationPortrait UIInterfaceOrientationLandscapeLeft UIInterfaceOrientationLandscapeRight";
				LD_RUNPATH_SEARCH_PATHS = (
					"$(inherited)",
					"@executable_path/Frameworks",
				);
				MARKETING_VERSION = 1.0;
				PRODUCT_BUNDLE_IDENTIFIER = khalmatovsarvar.PersonalExpenseTracker;
				PRODUCT_NAME = "$(TARGET_NAME)";
				SWIFT_EMIT_LOC_STRINGS = YES;
				SWIFT_VERSION = 5.0;
				TARGETED_DEVICE_FAMILY = "1,2";
			};
			name = Debug;
		};
		FE3F058F2C30423F005D1BD6 /* Release */ = {
			isa = XCBuildConfiguration;
			baseConfigurationReference = 0E5BB55A52D4A3F63702C430 /* Pods-PersonalExpenseTracker.release.xcconfig */;
			buildSettings = {
				ASSETCATALOG_COMPILER_APPICON_NAME = AppIcon;
				ASSETCATALOG_COMPILER_GLOBAL_ACCENT_COLOR_NAME = AccentColor;
				CODE_SIGN_STYLE = Automatic;
				CURRENT_PROJECT_VERSION = 1;
				ENABLE_USER_SCRIPT_SANDBOXING = NO;
				GENERATE_INFOPLIST_FILE = YES;
				INFOPLIST_FILE = PersonalExpenseTracker/Info.plist;
				INFOPLIST_KEY_UIApplicationSupportsIndirectInputEvents = YES;
				INFOPLIST_KEY_UILaunchStoryboardName = LaunchScreen;
				INFOPLIST_KEY_UISupportedInterfaceOrientations_iPad = "UIInterfaceOrientationPortrait UIInterfaceOrientationPortraitUpsideDown UIInterfaceOrientationLandscapeLeft UIInterfaceOrientationLandscapeRight";
				INFOPLIST_KEY_UISupportedInterfaceOrientations_iPhone = "UIInterfaceOrientationPortrait UIInterfaceOrientationLandscapeLeft UIInterfaceOrientationLandscapeRight";
				LD_RUNPATH_SEARCH_PATHS = (
					"$(inherited)",
					"@executable_path/Frameworks",
				);
				MARKETING_VERSION = 1.0;
				PRODUCT_BUNDLE_IDENTIFIER = khalmatovsarvar.PersonalExpenseTracker;
				PRODUCT_NAME = "$(TARGET_NAME)";
				SWIFT_EMIT_LOC_STRINGS = YES;
				SWIFT_VERSION = 5.0;
				TARGETED_DEVICE_FAMILY = "1,2";
			};
			name = Release;
		};
/* End XCBuildConfiguration section */

/* Begin XCConfigurationList section */
		FE3F05712C30423E005D1BD6 /* Build configuration list for PBXProject "PersonalExpenseTracker" */ = {
			isa = XCConfigurationList;
			buildConfigurations = (
				FE3F058B2C30423F005D1BD6 /* Debug */,
				FE3F058C2C30423F005D1BD6 /* Release */,
			);
			defaultConfigurationIsVisible = 0;
			defaultConfigurationName = Release;
		};
		FE3F058D2C30423F005D1BD6 /* Build configuration list for PBXNativeTarget "PersonalExpenseTracker" */ = {
			isa = XCConfigurationList;
			buildConfigurations = (
				FE3F058E2C30423F005D1BD6 /* Debug */,
				FE3F058F2C30423F005D1BD6 /* Release */,
			);
			defaultConfigurationIsVisible = 0;
			defaultConfigurationName = Release;
		};
/* End XCConfigurationList section */

/* Begin XCVersionGroup section */
		FE3F05822C30423E005D1BD6 /* PersonalExpenseTracker.xcdatamodeld */ = {
			isa = XCVersionGroup;
			children = (
				FE3F05832C30423E005D1BD6 /* PersonalExpenseTracker.xcdatamodel */,
			);
			currentVersion = FE3F05832C30423E005D1BD6 /* PersonalExpenseTracker.xcdatamodel */;
			path = PersonalExpenseTracker.xcdatamodeld;
			sourceTree = "<group>";
			versionGroupType = wrapper.xcdatamodel;
		};
/* End XCVersionGroup section */
	};
	rootObject = FE3F056E2C30423E005D1BD6 /* Project object */;
}
